
Microsoft Visual Studio Solution File, Format Version 12.00
# Visual Studio Version 17
VisualStudioVersion = 17.7.34031.279
MinimumVisualStudioVersion = 10.0.40219.1
Project("{FAE04EC0-301F-11D3-BF4B-00C04F79EFBC}") = "ConsoleApp4", "ConsoleApp4\ConsoleApp4.csproj", "{EB7D4068-09AB-4315-9FC8-B84B50763390}"
EndProject
Global
	GlobalSection(SolutionConfigurationPlatforms) = preSolution
		Debug|Any CPU = Debug|Any CPU
		Release|Any CPU = Release|Any CPU
	EndGlobalSection
	GlobalSection(ProjectConfigurationPlatforms) = postSolution
		{EB7D4068-09AB-4315-9FC8-B84B50763390}.Debug|Any CPU.ActiveCfg = Debug|Any CPU
		{EB7D4068-09AB-4315-9FC8-B84B50763390}.Debug|Any CPU.Build.0 = Debug|Any CPU
		{EB7D4068-09AB-4315-9FC8-B84B50763390}.Release|Any CPU.ActiveCfg = Release|Any CPU
		{EB7D4068-09AB-4315-9FC8-B84B50763390}.Release|Any CPU.Build.0 = Release|Any CPU
	EndGlobalSection
	GlobalSection(SolutionProperties) = preSolution
		HideSolutionNode = FALSE
	EndGlobalSection
	GlobalSection(ExtensibilityGlobals) = postSolution
		SolutionGuid = {2150130D-289A-447C-976F-34792FC42A2B}
	EndGlobalSection
EndGlobal
